Microsoft Visual Studio Solution File, Format Version 12.00
# Visual Studio 2013
Project("{8BC9CEB8-8B4A-11D0-8D11-00A0C91BC942}") = "ALL_BUILD", "ALL_BUILD.vcxproj", "{4DB43594-36B8-4BF7-81CF-40D493AF8E81}"
	ProjectSection(ProjectDependencies) = postProject
		{89BD0340-A1AF-4EB3-BD6B-2CD960BB7EFD} = {89BD0340-A1AF-4EB3-BD6B-2CD960BB7EFD}
		{B13B7B19-7B56-441F-AF23-3EFF555A41ED} = {B13B7B19-7B56-441F-AF23-3EFF555A41ED}
		{B28F5DB1-5466-4404-86A5-20E74747B6EF} = {B28F5DB1-5466-4404-86A5-20E74747B6EF}
		{EB8771CE-69C1-474E-AA7F-56514BC4C0D8} = {EB8771CE-69C1-474E-AA7F-56514BC4C0D8}
		{B146191C-3531-4DFF-836F-F2455C20B861} = {B146191C-3531-4DFF-836F-F2455C20B861}
		{C961529C-1795-4657-86C4-665A3078E8A4} = {C961529C-1795-4657-86C4-665A3078E8A4}
		{59D78BD3-9311-4515-9357-0B3296DD24E3} = {59D78BD3-9311-4515-9357-0B3296DD24E3}
	EndProjectSection
EndProject
Project("{8BC9CEB8-8B4A-11D0-8D11-00A0C91BC942}") = "INSTALL", "INSTALL.vcxproj", "{DE98EDCD-CEDA-4832-AB3D-453196CDB6E4}"
	ProjectSection(ProjectDependencies) = postProject
		{4DB43594-36B8-4BF7-81CF-40D493AF8E81} = {4DB43594-36B8-4BF7-81CF-40D493AF8E81}
	EndProjectSection
EndProject
Project("{8BC9CEB8-8B4A-11D0-8D11-00A0C91BC942}") = "ZERO_CHECK", "ZERO_CHECK.vcxproj", "{89BD0340-A1AF-4EB3-BD6B-2CD960BB7EFD}"
	ProjectSection(ProjectDependencies) = postProject
	EndProjectSection
EndProject
Project("{8BC9CEB8-8B4A-11D0-8D11-00A0C91BC942}") = "sfml-audio", "src\SFML\Audio\sfml-audio.vcxproj", "{B13B7B19-7B56-441F-AF23-3EFF555A41ED}"
	ProjectSection(ProjectDependencies) = postProject
		{89BD0340-A1AF-4EB3-BD6B-2CD960BB7EFD} = {89BD0340-A1AF-4EB3-BD6B-2CD960BB7EFD}
		{C961529C-1795-4657-86C4-665A3078E8A4} = {C961529C-1795-4657-86C4-665A3078E8A4}
	EndProjectSection
EndProject
Project("{8BC9CEB8-8B4A-11D0-8D11-00A0C91BC942}") = "sfml-graphics", "src\SFML\Graphics\sfml-graphics.vcxproj", "{B28F5DB1-5466-4404-86A5-20E74747B6EF}"
	ProjectSection(ProjectDependencies) = postProject
		{89BD0340-A1AF-4EB3-BD6B-2CD960BB7EFD} = {89BD0340-A1AF-4EB3-BD6B-2CD960BB7EFD}
		{C961529C-1795-4657-86C4-665A3078E8A4} = {C961529C-1795-4657-86C4-665A3078E8A4}
		{59D78BD3-9311-4515-9357-0B3296DD24E3} = {59D78BD3-9311-4515-9357-0B3296DD24E3}
	EndProjectSection
EndProject
Project("{8BC9CEB8-8B4A-11D0-8D11-00A0C91BC942}") = "sfml-main", "src\SFML\Main\sfml-main.vcxproj", "{EB8771CE-69C1-474E-AA7F-56514BC4C0D8}"
	ProjectSection(ProjectDependencies) = postProject
		{89BD0340-A1AF-4EB3-BD6B-2CD960BB7EFD} = {89BD0340-A1AF-4EB3-BD6B-2CD960BB7EFD}
	EndProjectSection
EndProject
Project("{8BC9CEB8-8B4A-11D0-8D11-00A0C91BC942}") = "sfml-network", "src\SFML\Network\sfml-network.vcxproj", "{B146191C-3531-4DFF-836F-F2455C20B861}"
	ProjectSection(ProjectDependencies) = postProject
		{89BD0340-A1AF-4EB3-BD6B-2CD960BB7EFD} = {89BD0340-A1AF-4EB3-BD6B-2CD960BB7EFD}
		{C961529C-1795-4657-86C4-665A3078E8A4} = {C961529C-1795-4657-86C4-665A3078E8A4}
	EndProjectSection
EndProject
Project("{8BC9CEB8-8B4A-11D0-8D11-00A0C91BC942}") = "sfml-system", "src\SFML\System\sfml-system.vcxproj", "{C961529C-1795-4657-86C4-665A3078E8A4}"
	ProjectSection(ProjectDependencies) = postProject
		{89BD0340-A1AF-4EB3-BD6B-2CD960BB7EFD} = {89BD0340-A1AF-4EB3-BD6B-2CD960BB7EFD}
	EndProjectSection
EndProject
Project("{8BC9CEB8-8B4A-11D0-8D11-00A0C91BC942}") = "sfml-window", "src\SFML\Window\sfml-window.vcxproj", "{59D78BD3-9311-4515-9357-0B3296DD24E3}"
	ProjectSection(ProjectDependencies) = postProject
		{89BD0340-A1AF-4EB3-BD6B-2CD960BB7EFD} = {89BD0340-A1AF-4EB3-BD6B-2CD960BB7EFD}
		{C961529C-1795-4657-86C4-665A3078E8A4} = {C961529C-1795-4657-86C4-665A3078E8A4}
	EndProjectSection
EndProject
Project("{2150E333-8FDC-42A3-9474-1A3956D46DE8}") = "CMake", "CMake", "{BC7B6925-C216-44B1-8665-8ABA223A309A}"
EndProject
Project("{2150E333-8FDC-42A3-9474-1A3956D46DE8}") = "SFML", "SFML", "{3DFF4E4F-5858-4280-9C11-0E58DBC7687D}"
EndProject
Global
	GlobalSection(SolutionConfigurationPlatforms) = preSolution
		Debug|Win32 = Debug|Win32
		Release|Win32 = Release|Win32
		MinSizeRel|Win32 = MinSizeRel|Win32
		RelWithDebInfo|Win32 = RelWithDebInfo|Win32
	EndGlobalSection
	GlobalSection(ProjectConfigurationPlatforms) = postSolution
		{4DB43594-36B8-4BF7-81CF-40D493AF8E81}.Debug|Win32.ActiveCfg = Debug|Win32
		{4DB43594-36B8-4BF7-81CF-40D493AF8E81}.Debug|Win32.Build.0 = Debug|Win32
		{4DB43594-36B8-4BF7-81CF-40D493AF8E81}.Release|Win32.ActiveCfg = Release|Win32
		{4DB43594-36B8-4BF7-81CF-40D493AF8E81}.Release|Win32.Build.0 = Release|Win32
		{4DB43594-36B8-4BF7-81CF-40D493AF8E81}.MinSizeRel|Win32.ActiveCfg = MinSizeRel|Win32
		{4DB43594-36B8-4BF7-81CF-40D493AF8E81}.MinSizeRel|Win32.Build.0 = MinSizeRel|Win32
		{4DB43594-36B8-4BF7-81CF-40D493AF8E81}.RelWithDebInfo|Win32.ActiveCfg = RelWithDebInfo|Win32
		{4DB43594-36B8-4BF7-81CF-40D493AF8E81}.RelWithDebInfo|Win32.Build.0 = RelWithDebInfo|Win32
		{DE98EDCD-CEDA-4832-AB3D-453196CDB6E4}.Debug|Win32.ActiveCfg = Debug|Win32
		{DE98EDCD-CEDA-4832-AB3D-453196CDB6E4}.Release|Win32.ActiveCfg = Release|Win32
		{DE98EDCD-CEDA-4832-AB3D-453196CDB6E4}.MinSizeRel|Win32.ActiveCfg = MinSizeRel|Win32
		{DE98EDCD-CEDA-4832-AB3D-453196CDB6E4}.RelWithDebInfo|Win32.ActiveCfg = RelWithDebInfo|Win32
		{89BD0340-A1AF-4EB3-BD6B-2CD960BB7EFD}.Debug|Win32.ActiveCfg = Debug|Win32
		{89BD0340-A1AF-4EB3-BD6B-2CD960BB7EFD}.Debug|Win32.Build.0 = Debug|Win32
		{89BD0340-A1AF-4EB3-BD6B-2CD960BB7EFD}.Release|Win32.ActiveCfg = Release|Win32
		{89BD0340-A1AF-4EB3-BD6B-2CD960BB7EFD}.Release|Win32.Build.0 = Release|Win32
		{89BD0340-A1AF-4EB3-BD6B-2CD960BB7EFD}.MinSizeRel|Win32.ActiveCfg = MinSizeRel|Win32
		{89BD0340-A1AF-4EB3-BD6B-2CD960BB7EFD}.MinSizeRel|Win32.Build.0 = MinSizeRel|Win32
		{89BD0340-A1AF-4EB3-BD6B-2CD960BB7EFD}.RelWithDebInfo|Win32.ActiveCfg = RelWithDebInfo|Win32
		{89BD0340-A1AF-4EB3-BD6B-2CD960BB7EFD}.RelWithDebInfo|Win32.Build.0 = RelWithDebInfo|Win32
		{B13B7B19-7B56-441F-AF23-3EFF555A41ED}.Debug|Win32.ActiveCfg = Debug|Win32
		{B13B7B19-7B56-441F-AF23-3EFF555A41ED}.Debug|Win32.Build.0 = Debug|Win32
		{B13B7B19-7B56-441F-AF23-3EFF555A41ED}.Release|Win32.ActiveCfg = Release|Win32
		{B13B7B19-7B56-441F-AF23-3EFF555A41ED}.Release|Win32.Build.0 = Release|Win32
		{B13B7B19-7B56-441F-AF23-3EFF555A41ED}.MinSizeRel|Win32.ActiveCfg = MinSizeRel|Win32
		{B13B7B19-7B56-441F-AF23-3EFF555A41ED}.MinSizeRel|Win32.Build.0 = MinSizeRel|Win32
		{B13B7B19-7B56-441F-AF23-3EFF555A41ED}.RelWithDebInfo|Win32.ActiveCfg = RelWithDebInfo|Win32
		{B13B7B19-7B56-441F-AF23-3EFF555A41ED}.RelWithDebInfo|Win32.Build.0 = RelWithDebInfo|Win32
		{B28F5DB1-5466-4404-86A5-20E74747B6EF}.Debug|Win32.ActiveCfg = Debug|Win32
		{B28F5DB1-5466-4404-86A5-20E74747B6EF}.Debug|Win32.Build.0 = Debug|Win32
		{B28F5DB1-5466-4404-86A5-20E74747B6EF}.Release|Win32.ActiveCfg = Release|Win32
		{B28F5DB1-5466-4404-86A5-20E74747B6EF}.Release|Win32.Build.0 = Release|Win32
		{B28F5DB1-5466-4404-86A5-20E74747B6EF}.MinSizeRel|Win32.ActiveCfg = MinSizeRel|Win32
		{B28F5DB1-5466-4404-86A5-20E74747B6EF}.MinSizeRel|Win32.Build.0 = MinSizeRel|Win32
		{B28F5DB1-5466-4404-86A5-20E74747B6EF}.RelWithDebInfo|Win32.ActiveCfg = RelWithDebInfo|Win32
		{B28F5DB1-5466-4404-86A5-20E74747B6EF}.RelWithDebInfo|Win32.Build.0 = RelWithDebInfo|Win32
		{EB8771CE-69C1-474E-AA7F-56514BC4C0D8}.Debug|Win32.ActiveCfg = Debug|Win32
		{EB8771CE-69C1-474E-AA7F-56514BC4C0D8}.Debug|Win32.Build.0 = Debug|Win32
		{EB8771CE-69C1-474E-AA7F-56514BC4C0D8}.Release|Win32.ActiveCfg = Release|Win32
		{EB8771CE-69C1-474E-AA7F-56514BC4C0D8}.Release|Win32.Build.0 = Release|Win32
		{EB8771CE-69C1-474E-AA7F-56514BC4C0D8}.MinSizeRel|Win32.ActiveCfg = MinSizeRel|Win32
		{EB8771CE-69C1-474E-AA7F-56514BC4C0D8}.MinSizeRel|Win32.Build.0 = MinSizeRel|Win32
		{EB8771CE-69C1-474E-AA7F-56514BC4C0D8}.RelWithDebInfo|Win32.ActiveCfg = RelWithDebInfo|Win32
		{EB8771CE-69C1-474E-AA7F-56514BC4C0D8}.RelWithDebInfo|Win32.Build.0 = RelWithDebInfo|Win32
		{B146191C-3531-4DFF-836F-F2455C20B861}.Debug|Win32.ActiveCfg = Debug|Win32
		{B146191C-3531-4DFF-836F-F2455C20B861}.Debug|Win32.Build.0 = Debug|Win32
		{B146191C-3531-4DFF-836F-F2455C20B861}.Release|Win32.ActiveCfg = Release|Win32
		{B146191C-3531-4DFF-836F-F2455C20B861}.Release|Win32.Build.0 = Release|Win32
		{B146191C-3531-4DFF-836F-F2455C20B861}.MinSizeRel|Win32.ActiveCfg = MinSizeRel|Win32
		{B146191C-3531-4DFF-836F-F2455C20B861}.MinSizeRel|Win32.Build.0 = MinSizeRel|Win32
		{B146191C-3531-4DFF-836F-F2455C20B861}.RelWithDebInfo|Win32.ActiveCfg = RelWithDebInfo|Win32
		{B146191C-3531-4DFF-836F-F2455C20B861}.RelWithDebInfo|Win32.Build.0 = RelWithDebInfo|Win32
		{C961529C-1795-4657-86C4-665A3078E8A4}.Debug|Win32.ActiveCfg = Debug|Win32
		{C961529C-1795-4657-86C4-665A3078E8A4}.Debug|Win32.Build.0 = Debug|Win32
		{C961529C-1795-4657-86C4-665A3078E8A4}.Release|Win32.ActiveCfg = Release|Win32
		{C961529C-1795-4657-86C4-665A3078E8A4}.Release|Win32.Build.0 = Release|Win32
		{C961529C-1795-4657-86C4-665A3078E8A4}.MinSizeRel|Win32.ActiveCfg = MinSizeRel|Win32
		{C961529C-1795-4657-86C4-665A3078E8A4}.MinSizeRel|Win32.Build.0 = MinSizeRel|Win32
		{C961529C-1795-4657-86C4-665A3078E8A4}.RelWithDebInfo|Win32.ActiveCfg = RelWithDebInfo|Win32
		{C961529C-1795-4657-86C4-665A3078E8A4}.RelWithDebInfo|Win32.Build.0 = RelWithDebInfo|Win32
		{59D78BD3-9311-4515-9357-0B3296DD24E3}.Debug|Win32.ActiveCfg = Debug|Win32
		{59D78BD3-9311-4515-9357-0B3296DD24E3}.Debug|Win32.Build.0 = Debug|Win32
		{59D78BD3-9311-4515-9357-0B3296DD24E3}.Release|Win32.ActiveCfg = Release|Win32
		{59D78BD3-9311-4515-9357-0B3296DD24E3}.Release|Win32.Build.0 = Release|Win32
		{59D78BD3-9311-4515-9357-0B3296DD24E3}.MinSizeRel|Win32.ActiveCfg = MinSizeRel|Win32
		{59D78BD3-9311-4515-9357-0B3296DD24E3}.MinSizeRel|Win32.Build.0 = MinSizeRel|Win32
		{59D78BD3-9311-4515-9357-0B3296DD24E3}.RelWithDebInfo|Win32.ActiveCfg = RelWithDebInfo|Win32
		{59D78BD3-9311-4515-9357-0B3296DD24E3}.RelWithDebInfo|Win32.Build.0 = RelWithDebInfo|Win32
	EndGlobalSection
	GlobalSection(NestedProjects) = preSolution
		{DE98EDCD-CEDA-4832-AB3D-453196CDB6E4} = {BC7B6925-C216-44B1-8665-8ABA223A309A}
		{89BD0340-A1AF-4EB3-BD6B-2CD960BB7EFD} = {BC7B6925-C216-44B1-8665-8ABA223A309A}
		{B13B7B19-7B56-441F-AF23-3EFF555A41ED} = {3DFF4E4F-5858-4280-9C11-0E58DBC7687D}
		{B28F5DB1-5466-4404-86A5-20E74747B6EF} = {3DFF4E4F-5858-4280-9C11-0E58DBC7687D}
		{EB8771CE-69C1-474E-AA7F-56514BC4C0D8} = {3DFF4E4F-5858-4280-9C11-0E58DBC7687D}
		{B146191C-3531-4DFF-836F-F2455C20B861} = {3DFF4E4F-5858-4280-9C11-0E58DBC7687D}
		{C961529C-1795-4657-86C4-665A3078E8A4} = {3DFF4E4F-5858-4280-9C11-0E58DBC7687D}
		{59D78BD3-9311-4515-9357-0B3296DD24E3} = {3DFF4E4F-5858-4280-9C11-0E58DBC7687D}
	EndGlobalSection
	GlobalSection(ExtensibilityGlobals) = postSolution
	EndGlobalSection
	GlobalSection(ExtensibilityAddIns) = postSolution
	EndGlobalSection
EndGlobal
