<?xml version="1.0" encoding="utf-8"?>
<Project ToolsVersion="12.0" xmlns="http://schemas.microsoft.com/developer/msbuild/2003">
  <ItemGroup>
    <ClCompile Include="C:\Development\project\sfml\opengl-experiments\Projects\source\projects\Engine\Engine\ComponentSprite.cpp">
      <Filter>Source Files</Filter>
    </ClCompile>
    <ClCompile Include="C:\Development\project\sfml\opengl-experiments\Projects\source\projects\Engine\Engine\ComponentTransform.cpp">
      <Filter>Source Files</Filter>
    </ClCompile>
    <ClCompile Include="C:\Development\project\sfml\opengl-experiments\Projects\source\projects\Engine\Engine\ComponentBase.cpp">
      <Filter>Source Files</Filter>
    </ClCompile>
    <ClCompile Include="C:\Development\project\sfml\opengl-experiments\Projects\source\projects\Engine\Engine\Engine.cpp">
      <Filter>Source Files</Filter>
    </ClCompile>
    <ClCompile Include="C:\Development\project\sfml\opengl-experiments\Projects\source\projects\Engine\Engine\Entity.cpp">
      <Filter>Source Files</Filter>
    </ClCompile>
    <ClCompile Include="C:\Development\project\sfml\opengl-experiments\Projects\source\projects\Engine\Engine\SystemBase.cpp">
      <Filter>Source Files</Filter>
    </ClCompile>
    <ClCompile Include="C:\Development\project\sfml\opengl-experiments\Projects\source\projects\Engine\Engine\SystemDisplay.cpp">
      <Filter>Source Files</Filter>
    </ClCompile>
    <ClCompile Include="C:\Development\project\sfml\opengl-experiments\Projects\source\projects\Engine\Engine\SystemInput.cpp">
      <Filter>Source Files</Filter>
    </ClCompile>
    <ClCompile Include="C:\Development\project\sfml\opengl-experiments\Projects\source\projects\Engine\Engine\Vector2.cpp">
      <Filter>Source Files</Filter>
    </ClCompile>
    <ClCompile Include="C:\Development\project\sfml\opengl-experiments\Projects\source\projects\Engine\Engine\Vector3.cpp">
      <Filter>Source Files</Filter>
    </ClCompile>
    <ClCompile Include="C:\Development\project\sfml\opengl-experiments\Projects\source\projects\Engine\Engine\Utils\EngineTime.cpp">
      <Filter>Source Files</Filter>
    </ClCompile>
    <ClCompile Include="C:\Development\project\sfml\opengl-experiments\Projects\source\projects\Engine\Engine\Utils\Common.cpp">
      <Filter>Source Files</Filter>
    </ClCompile>
    <ClCompile Include="C:\Development\project\sfml\opengl-experiments\Projects\source\projects\Engine\Engine\Utils\OpenGLUtil.cpp">
      <Filter>Source Files</Filter>
    </ClCompile>
    <ClCompile Include="C:\Development\project\sfml\opengl-experiments\Projects\source\projects\Engine\ComponentPlayer.cpp">
      <Filter>Source Files</Filter>
    </ClCompile>
    <ClCompile Include="C:\Development\project\sfml\opengl-experiments\Projects\source\projects\Engine\ComponentEnemy.cpp">
      <Filter>Source Files</Filter>
    </ClCompile>
    <ClCompile Include="C:\Development\project\sfml\opengl-experiments\Projects\source\projects\Engine\main.cpp">
      <Filter>Source Files</Filter>
    </ClCompile>
  </ItemGroup>
  <ItemGroup>
    <ClInclude Include="C:\Development\project\sfml\opengl-experiments\Projects\source\projects\Engine\Engine\ComponentSprite.h">
      <Filter>Header Files</Filter>
    </ClInclude>
    <ClInclude Include="C:\Development\project\sfml\opengl-experiments\Projects\source\projects\Engine\Engine\ComponentTransform.h">
      <Filter>Header Files</Filter>
    </ClInclude>
    <ClInclude Include="C:\Development\project\sfml\opengl-experiments\Projects\source\projects\Engine\Engine\ComponentBase.h">
      <Filter>Header Files</Filter>
    </ClInclude>
    <ClInclude Include="C:\Development\project\sfml\opengl-experiments\Projects\source\projects\Engine\Engine\Engine.h">
      <Filter>Header Files</Filter>
    </ClInclude>
    <ClInclude Include="C:\Development\project\sfml\opengl-experiments\Projects\source\projects\Engine\Engine\Entity.h">
      <Filter>Header Files</Filter>
    </ClInclude>
    <ClInclude Include="C:\Development\project\sfml\opengl-experiments\Projects\source\projects\Engine\Engine\SystemBase.h">
      <Filter>Header Files</Filter>
    </ClInclude>
    <ClInclude Include="C:\Development\project\sfml\opengl-experiments\Projects\source\projects\Engine\Engine\SystemDisplay.h">
      <Filter>Header Files</Filter>
    </ClInclude>
    <ClInclude Include="C:\Development\project\sfml\opengl-experiments\Projects\source\projects\Engine\Engine\SystemInput.h">
      <Filter>Header Files</Filter>
    </ClInclude>
    <ClInclude Include="C:\Development\project\sfml\opengl-experiments\Projects\source\projects\Engine\Engine\Vector2.h">
      <Filter>Header Files</Filter>
    </ClInclude>
    <ClInclude Include="C:\Development\project\sfml\opengl-experiments\Projects\source\projects\Engine\Engine\Vector3.h">
      <Filter>Header Files</Filter>
    </ClInclude>
    <ClInclude Include="C:\Development\project\sfml\opengl-experiments\Projects\source\projects\Engine\Engine\KECS.h">
      <Filter>Header Files</Filter>
    </ClInclude>
    <ClInclude Include="C:\Development\project\sfml\opengl-experiments\Projects\source\projects\Engine\Engine\Utils\EngineTime.h">
      <Filter>Header Files</Filter>
    </ClInclude>
    <ClInclude Include="C:\Development\project\sfml\opengl-experiments\Projects\source\projects\Engine\Engine\Utils\Common.h">
      <Filter>Header Files</Filter>
    </ClInclude>
    <ClInclude Include="C:\Development\project\sfml\opengl-experiments\Projects\source\projects\Engine\Engine\Utils\OpenGLUtil.h">
      <Filter>Header Files</Filter>
    </ClInclude>
    <ClInclude Include="C:\Development\project\sfml\opengl-experiments\Projects\source\projects\Engine\ComponentPlayer.h">
      <Filter>Header Files</Filter>
    </ClInclude>
    <ClInclude Include="C:\Development\project\sfml\opengl-experiments\Projects\source\projects\Engine\ComponentEnemy.h">
      <Filter>Header Files</Filter>
    </ClInclude>
  </ItemGroup>
  <ItemGroup>
    <CustomBuild Include="C:\Development\project\sfml\opengl-experiments\Projects\source\projects\Engine\CMakeLists.txt" />
  </ItemGroup>
  <ItemGroup>
    <Filter Include="Source Files">
      <UniqueIdentifier>{8EABC26C-2A17-48DC-AAD5-5507468C72B9}</UniqueIdentifier>
    </Filter>
    <Filter Include="Header Files">
      <UniqueIdentifier>{931ABD02-DA9C-4702-A36E-5C978B73291F}</UniqueIdentifier>
    </Filter>
  </ItemGroup>
</Project>
