<?xml version="1.0" encoding="utf-8"?>
<Project ToolsVersion="12.0" xmlns="http://schemas.microsoft.com/developer/msbuild/2003">
  <ItemGroup>
    <ClCompile Include="C:\Development\project\sfml\opengl-experiments\Projects\source\projects\Engine\Engine\ComponentSprite.cpp">
      <Filter>Source Files</Filter>
    </ClCompile>
    <ClCompile Include="C:\Development\project\sfml\opengl-experiments\Projects\source\projects\Engine\Engine\ComponentTransform.cpp">
      <Filter>Source Files</Filter>
    </ClCompile>
    <ClCompile Include="C:\Development\project\sfml\opengl-experiments\Projects\source\projects\Engine\Engine\ComponentBase.cpp">
      <Filter>Source Files</Filter>
    </ClCompile>
    <ClCompile Include="C:\Development\project\sfml\opengl-experiments\Projects\source\projects\Engine\Engine\Engine.cpp">
      <Filter>Source Files</Filter>
    </ClCompile>
    <ClCompile Include="C:\Development\project\sfml\opengl-experiments\Projects\source\projects\Engine\Engine\Entity.cpp">
      <Filter>Source Files</Filter>
    </ClCompile>
    <ClCompile Include="C:\Development\project\sfml\opengl-experiments\Projects\source\projects\Engine\Engine\SystemBase.cpp">
      <Filter>Source Files</Filter>
    </ClCompile>
    <ClCompile Include="C:\Development\project\sfml\opengl-experiments\Projects\source\projects\Engine\Engine\SystemDisplay.cpp">
      <Filter>Source Files</Filter>
    </ClCompile>
    <ClCompile Include="C:\Development\project\sfml\opengl-experiments\Projects\source\projects\Engine\Engine\SystemInput.cpp">
      <Filter>Source Files</Filter>
    </ClCompile>
    <ClCompile Include="C:\Development\project\sfml\opengl-experiments\Projects\source\projects\Engine\Engine\Vector2.cpp">
      <Filter>Source Files</Filter>
    </ClCompile>
    <ClCompile Include="C:\Development\project\sfml\opengl-experiments\Projects\source\projects\Engine\Engine\Utils\EngineTime.cpp">
      <Filter>Source Files</Filter>
    </ClCompile>
    <ClCompile Include="C:\Development\project\sfml\opengl-experiments\Projects\source\projects\Engine\Engine\Vector3.cpp">
      <Filter>Source Files</Filter>
    </ClCompile>
    <ClCompile Include="C:\Development\project\sfml\opengl-experiments\Projects\source\projects\Engine\ComponentPlayer.cpp">
      <Filter>Source Files</Filter>
    </ClCompile>
    <ClCompile Include="C:\Development\project\sfml\opengl-experiments\Projects\source\projects\Engine\ComponentEnemy.cpp">
      <Filter>Source Files</Filter>
    </ClCompile>
    <ClCompile Include="C:\Development\project\sfml\opengl-experiments\Projects\source\projects\Engine\main.cpp">
      <Filter>Source Files</Filter>
    </ClCompile>
  </ItemGroup>
  <ItemGroup>
    <ClInclude Include="C:\Development\project\sfml\opengl-experiments\Projects\source\projects\Engine\Engine\ComponentSprite.h">
      <Filter>Header Files</Filter>
    </ClInclude>
    <ClInclude Include="C:\Development\project\sfml\opengl-experiments\Projects\source\projects\Engine\Engine\ComponentTransform.h">
      <Filter>Header Files</Filter>
    </ClInclude>
    <ClInclude Include="C:\Development\project\sfml\opengl-experiments\Projects\source\projects\Engine\Engine\ComponentBase.h">
      <Filter>Header Files</Filter>
    </ClInclude>
    <ClInclude Include="C:\Development\project\sfml\opengl-experiments\Projects\source\projects\Engine\Engine\Engine.h">
      <Filter>Header Files</Filter>
    </ClInclude>
    <ClInclude Include="C:\Development\project\sfml\opengl-experiments\Projects\source\projects\Engine\Engine\Entity.h">
      <Filter>Header Files</Filter>
    </ClInclude>
    <ClInclude Include="C:\Development\project\sfml\opengl-experiments\Projects\source\projects\Engine\Engine\SystemBase.h">
      <Filter>Header Files</Filter>
    </ClInclude>
    <ClInclude Include="C:\Development\project\sfml\opengl-experiments\Projects\source\projects\Engine\Engine\SystemDisplay.h">
      <Filter>Header Files</Filter>
    </ClInclude>
    <ClInclude Include="C:\Development\project\sfml\opengl-experiments\Projects\source\projects\Engine\Engine\SystemInput.h">
      <Filter>Header Files</Filter>
    </ClInclude>
    <ClInclude Include="C:\Development\project\sfml\opengl-experiments\Projects\source\projects\Engine\Engine\Vector2.h">
      <Filter>Header Files</Filter>
    </ClInclude>
    <ClInclude Include="C:\Development\project\sfml\opengl-experiments\Projects\source\projects\Engine\Engine\Utils\EngineTime.h">
      <Filter>Header Files</Filter>
    </ClInclude>
    <ClInclude Include="C:\Development\project\sfml\opengl-experiments\Projects\source\projects\Engine\Engine\Vector3.h">
      <Filter>Header Files</Filter>
    </ClInclude>
    <ClInclude Include="C:\Development\project\sfml\opengl-experiments\Projects\source\projects\Engine\Engine\KECS.h">
      <Filter>Header Files</Filter>
    </ClInclude>
    <ClInclude Include="C:\Development\project\sfml\opengl-experiments\Projects\source\projects\Engine\ComponentPlayer.h">
      <Filter>Header Files</Filter>
    </ClInclude>
    <ClInclude Include="C:\Development\project\sfml\opengl-experiments\Projects\source\projects\Engine\ComponentEnemy.h">
      <Filter>Header Files</Filter>
    </ClInclude>
  </ItemGroup>
  <ItemGroup>
    <CustomBuild Include="C:\Development\project\sfml\opengl-experiments\Projects\source\projects\Engine\CMakeLists.txt" />
  </ItemGroup>
  <ItemGroup>
    <Filter Include="Source Files">
      <UniqueIdentifier>{AFEA7C1C-3A9D-4283-B48C-AF0BC112750D}</UniqueIdentifier>
    </Filter>
    <Filter Include="Header Files">
      <UniqueIdentifier>{8914A7A8-FC88-495F-9AE3-9E09C7098EB9}</UniqueIdentifier>
    </Filter>
  </ItemGroup>
</Project>
