<?xml version="1.0" encoding="utf-8"?>
<Project ToolsVersion="12.0" xmlns="http://schemas.microsoft.com/developer/msbuild/2003">
  <ItemGroup>
    <CustomBuild Include="..\CMakeFiles\840f462ceed51908bdf0dc47f9f9e1a3\PACKAGE_force.rule">
      <Filter>CMake Rules</Filter>
    </CustomBuild>
  </ItemGroup>
  <ItemGroup>
    <Filter Include="CMake Rules">
      <UniqueIdentifier>{1E4DBA11-774E-48E5-82F2-F5ECCBF54AEB}</UniqueIdentifier>
    </Filter>
  </ItemGroup>
</Project>
