Microsoft Visual Studio Solution File, Format Version 12.00
# Visual Studio 2013
Project("{8BC9CEB8-8B4A-11D0-8D11-00A0C91BC942}") = "ALL_BUILD", "ALL_BUILD.vcxproj", "{307B8813-C2B5-4306-83FB-BC68F5C20245}"
	ProjectSection(ProjectDependencies) = postProject
		{1973A19C-CE85-4BF7-8310-669D4BC4968A} = {1973A19C-CE85-4BF7-8310-669D4BC4968A}
		{FA7331E6-4D0E-4067-A51E-C1C4AB6F31D8} = {FA7331E6-4D0E-4067-A51E-C1C4AB6F31D8}
		{6171FFDC-004F-4B0A-8EB6-7A27ACBA3417} = {6171FFDC-004F-4B0A-8EB6-7A27ACBA3417}
		{40269B0A-45CE-453E-B6D7-4B8E1C9399CC} = {40269B0A-45CE-453E-B6D7-4B8E1C9399CC}
		{AB46E378-76A7-4E59-A485-8903387B67D6} = {AB46E378-76A7-4E59-A485-8903387B67D6}
		{FB5B1C43-4669-4E73-A29B-F9302155C6D5} = {FB5B1C43-4669-4E73-A29B-F9302155C6D5}
		{0EC87F62-E48A-4198-AB8A-0D56242E43CF} = {0EC87F62-E48A-4198-AB8A-0D56242E43CF}
	EndProjectSection
EndProject
Project("{8BC9CEB8-8B4A-11D0-8D11-00A0C91BC942}") = "INSTALL", "INSTALL.vcxproj", "{A3ADD506-DB84-4E0D-92EF-D1BB10003C19}"
	ProjectSection(ProjectDependencies) = postProject
		{307B8813-C2B5-4306-83FB-BC68F5C20245} = {307B8813-C2B5-4306-83FB-BC68F5C20245}
	EndProjectSection
EndProject
Project("{8BC9CEB8-8B4A-11D0-8D11-00A0C91BC942}") = "ZERO_CHECK", "ZERO_CHECK.vcxproj", "{1973A19C-CE85-4BF7-8310-669D4BC4968A}"
	ProjectSection(ProjectDependencies) = postProject
	EndProjectSection
EndProject
Project("{8BC9CEB8-8B4A-11D0-8D11-00A0C91BC942}") = "sfml-audio", "src\SFML\Audio\sfml-audio.vcxproj", "{FA7331E6-4D0E-4067-A51E-C1C4AB6F31D8}"
	ProjectSection(ProjectDependencies) = postProject
		{1973A19C-CE85-4BF7-8310-669D4BC4968A} = {1973A19C-CE85-4BF7-8310-669D4BC4968A}
		{FB5B1C43-4669-4E73-A29B-F9302155C6D5} = {FB5B1C43-4669-4E73-A29B-F9302155C6D5}
	EndProjectSection
EndProject
Project("{8BC9CEB8-8B4A-11D0-8D11-00A0C91BC942}") = "sfml-graphics", "src\SFML\Graphics\sfml-graphics.vcxproj", "{6171FFDC-004F-4B0A-8EB6-7A27ACBA3417}"
	ProjectSection(ProjectDependencies) = postProject
		{1973A19C-CE85-4BF7-8310-669D4BC4968A} = {1973A19C-CE85-4BF7-8310-669D4BC4968A}
		{FB5B1C43-4669-4E73-A29B-F9302155C6D5} = {FB5B1C43-4669-4E73-A29B-F9302155C6D5}
		{0EC87F62-E48A-4198-AB8A-0D56242E43CF} = {0EC87F62-E48A-4198-AB8A-0D56242E43CF}
	EndProjectSection
EndProject
Project("{8BC9CEB8-8B4A-11D0-8D11-00A0C91BC942}") = "sfml-main", "src\SFML\Main\sfml-main.vcxproj", "{40269B0A-45CE-453E-B6D7-4B8E1C9399CC}"
	ProjectSection(ProjectDependencies) = postProject
		{1973A19C-CE85-4BF7-8310-669D4BC4968A} = {1973A19C-CE85-4BF7-8310-669D4BC4968A}
	EndProjectSection
EndProject
Project("{8BC9CEB8-8B4A-11D0-8D11-00A0C91BC942}") = "sfml-network", "src\SFML\Network\sfml-network.vcxproj", "{AB46E378-76A7-4E59-A485-8903387B67D6}"
	ProjectSection(ProjectDependencies) = postProject
		{1973A19C-CE85-4BF7-8310-669D4BC4968A} = {1973A19C-CE85-4BF7-8310-669D4BC4968A}
		{FB5B1C43-4669-4E73-A29B-F9302155C6D5} = {FB5B1C43-4669-4E73-A29B-F9302155C6D5}
	EndProjectSection
EndProject
Project("{8BC9CEB8-8B4A-11D0-8D11-00A0C91BC942}") = "sfml-system", "src\SFML\System\sfml-system.vcxproj", "{FB5B1C43-4669-4E73-A29B-F9302155C6D5}"
	ProjectSection(ProjectDependencies) = postProject
		{1973A19C-CE85-4BF7-8310-669D4BC4968A} = {1973A19C-CE85-4BF7-8310-669D4BC4968A}
	EndProjectSection
EndProject
Project("{8BC9CEB8-8B4A-11D0-8D11-00A0C91BC942}") = "sfml-window", "src\SFML\Window\sfml-window.vcxproj", "{0EC87F62-E48A-4198-AB8A-0D56242E43CF}"
	ProjectSection(ProjectDependencies) = postProject
		{1973A19C-CE85-4BF7-8310-669D4BC4968A} = {1973A19C-CE85-4BF7-8310-669D4BC4968A}
		{FB5B1C43-4669-4E73-A29B-F9302155C6D5} = {FB5B1C43-4669-4E73-A29B-F9302155C6D5}
	EndProjectSection
EndProject
Project("{2150E333-8FDC-42A3-9474-1A3956D46DE8}") = "CMake", "CMake", "{18E5B904-3E67-4E89-81A3-A784057E2749}"
EndProject
Project("{2150E333-8FDC-42A3-9474-1A3956D46DE8}") = "SFML", "SFML", "{821D1598-2769-4C1F-951C-A595E4213B84}"
EndProject
Global
	GlobalSection(SolutionConfigurationPlatforms) = preSolution
		Debug|Win32 = Debug|Win32
		Release|Win32 = Release|Win32
		MinSizeRel|Win32 = MinSizeRel|Win32
		RelWithDebInfo|Win32 = RelWithDebInfo|Win32
	EndGlobalSection
	GlobalSection(ProjectConfigurationPlatforms) = postSolution
		{307B8813-C2B5-4306-83FB-BC68F5C20245}.Debug|Win32.ActiveCfg = Debug|Win32
		{307B8813-C2B5-4306-83FB-BC68F5C20245}.Debug|Win32.Build.0 = Debug|Win32
		{307B8813-C2B5-4306-83FB-BC68F5C20245}.Release|Win32.ActiveCfg = Release|Win32
		{307B8813-C2B5-4306-83FB-BC68F5C20245}.Release|Win32.Build.0 = Release|Win32
		{307B8813-C2B5-4306-83FB-BC68F5C20245}.MinSizeRel|Win32.ActiveCfg = MinSizeRel|Win32
		{307B8813-C2B5-4306-83FB-BC68F5C20245}.MinSizeRel|Win32.Build.0 = MinSizeRel|Win32
		{307B8813-C2B5-4306-83FB-BC68F5C20245}.RelWithDebInfo|Win32.ActiveCfg = RelWithDebInfo|Win32
		{307B8813-C2B5-4306-83FB-BC68F5C20245}.RelWithDebInfo|Win32.Build.0 = RelWithDebInfo|Win32
		{A3ADD506-DB84-4E0D-92EF-D1BB10003C19}.Debug|Win32.ActiveCfg = Debug|Win32
		{A3ADD506-DB84-4E0D-92EF-D1BB10003C19}.Release|Win32.ActiveCfg = Release|Win32
		{A3ADD506-DB84-4E0D-92EF-D1BB10003C19}.MinSizeRel|Win32.ActiveCfg = MinSizeRel|Win32
		{A3ADD506-DB84-4E0D-92EF-D1BB10003C19}.RelWithDebInfo|Win32.ActiveCfg = RelWithDebInfo|Win32
		{1973A19C-CE85-4BF7-8310-669D4BC4968A}.Debug|Win32.ActiveCfg = Debug|Win32
		{1973A19C-CE85-4BF7-8310-669D4BC4968A}.Debug|Win32.Build.0 = Debug|Win32
		{1973A19C-CE85-4BF7-8310-669D4BC4968A}.Release|Win32.ActiveCfg = Release|Win32
		{1973A19C-CE85-4BF7-8310-669D4BC4968A}.Release|Win32.Build.0 = Release|Win32
		{1973A19C-CE85-4BF7-8310-669D4BC4968A}.MinSizeRel|Win32.ActiveCfg = MinSizeRel|Win32
		{1973A19C-CE85-4BF7-8310-669D4BC4968A}.MinSizeRel|Win32.Build.0 = MinSizeRel|Win32
		{1973A19C-CE85-4BF7-8310-669D4BC4968A}.RelWithDebInfo|Win32.ActiveCfg = RelWithDebInfo|Win32
		{1973A19C-CE85-4BF7-8310-669D4BC4968A}.RelWithDebInfo|Win32.Build.0 = RelWithDebInfo|Win32
		{FA7331E6-4D0E-4067-A51E-C1C4AB6F31D8}.Debug|Win32.ActiveCfg = Debug|Win32
		{FA7331E6-4D0E-4067-A51E-C1C4AB6F31D8}.Debug|Win32.Build.0 = Debug|Win32
		{FA7331E6-4D0E-4067-A51E-C1C4AB6F31D8}.Release|Win32.ActiveCfg = Release|Win32
		{FA7331E6-4D0E-4067-A51E-C1C4AB6F31D8}.Release|Win32.Build.0 = Release|Win32
		{FA7331E6-4D0E-4067-A51E-C1C4AB6F31D8}.MinSizeRel|Win32.ActiveCfg = MinSizeRel|Win32
		{FA7331E6-4D0E-4067-A51E-C1C4AB6F31D8}.MinSizeRel|Win32.Build.0 = MinSizeRel|Win32
		{FA7331E6-4D0E-4067-A51E-C1C4AB6F31D8}.RelWithDebInfo|Win32.ActiveCfg = RelWithDebInfo|Win32
		{FA7331E6-4D0E-4067-A51E-C1C4AB6F31D8}.RelWithDebInfo|Win32.Build.0 = RelWithDebInfo|Win32
		{6171FFDC-004F-4B0A-8EB6-7A27ACBA3417}.Debug|Win32.ActiveCfg = Debug|Win32
		{6171FFDC-004F-4B0A-8EB6-7A27ACBA3417}.Debug|Win32.Build.0 = Debug|Win32
		{6171FFDC-004F-4B0A-8EB6-7A27ACBA3417}.Release|Win32.ActiveCfg = Release|Win32
		{6171FFDC-004F-4B0A-8EB6-7A27ACBA3417}.Release|Win32.Build.0 = Release|Win32
		{6171FFDC-004F-4B0A-8EB6-7A27ACBA3417}.MinSizeRel|Win32.ActiveCfg = MinSizeRel|Win32
		{6171FFDC-004F-4B0A-8EB6-7A27ACBA3417}.MinSizeRel|Win32.Build.0 = MinSizeRel|Win32
		{6171FFDC-004F-4B0A-8EB6-7A27ACBA3417}.RelWithDebInfo|Win32.ActiveCfg = RelWithDebInfo|Win32
		{6171FFDC-004F-4B0A-8EB6-7A27ACBA3417}.RelWithDebInfo|Win32.Build.0 = RelWithDebInfo|Win32
		{40269B0A-45CE-453E-B6D7-4B8E1C9399CC}.Debug|Win32.ActiveCfg = Debug|Win32
		{40269B0A-45CE-453E-B6D7-4B8E1C9399CC}.Debug|Win32.Build.0 = Debug|Win32
		{40269B0A-45CE-453E-B6D7-4B8E1C9399CC}.Release|Win32.ActiveCfg = Release|Win32
		{40269B0A-45CE-453E-B6D7-4B8E1C9399CC}.Release|Win32.Build.0 = Release|Win32
		{40269B0A-45CE-453E-B6D7-4B8E1C9399CC}.MinSizeRel|Win32.ActiveCfg = MinSizeRel|Win32
		{40269B0A-45CE-453E-B6D7-4B8E1C9399CC}.MinSizeRel|Win32.Build.0 = MinSizeRel|Win32
		{40269B0A-45CE-453E-B6D7-4B8E1C9399CC}.RelWithDebInfo|Win32.ActiveCfg = RelWithDebInfo|Win32
		{40269B0A-45CE-453E-B6D7-4B8E1C9399CC}.RelWithDebInfo|Win32.Build.0 = RelWithDebInfo|Win32
		{AB46E378-76A7-4E59-A485-8903387B67D6}.Debug|Win32.ActiveCfg = Debug|Win32
		{AB46E378-76A7-4E59-A485-8903387B67D6}.Debug|Win32.Build.0 = Debug|Win32
		{AB46E378-76A7-4E59-A485-8903387B67D6}.Release|Win32.ActiveCfg = Release|Win32
		{AB46E378-76A7-4E59-A485-8903387B67D6}.Release|Win32.Build.0 = Release|Win32
		{AB46E378-76A7-4E59-A485-8903387B67D6}.MinSizeRel|Win32.ActiveCfg = MinSizeRel|Win32
		{AB46E378-76A7-4E59-A485-8903387B67D6}.MinSizeRel|Win32.Build.0 = MinSizeRel|Win32
		{AB46E378-76A7-4E59-A485-8903387B67D6}.RelWithDebInfo|Win32.ActiveCfg = RelWithDebInfo|Win32
		{AB46E378-76A7-4E59-A485-8903387B67D6}.RelWithDebInfo|Win32.Build.0 = RelWithDebInfo|Win32
		{FB5B1C43-4669-4E73-A29B-F9302155C6D5}.Debug|Win32.ActiveCfg = Debug|Win32
		{FB5B1C43-4669-4E73-A29B-F9302155C6D5}.Debug|Win32.Build.0 = Debug|Win32
		{FB5B1C43-4669-4E73-A29B-F9302155C6D5}.Release|Win32.ActiveCfg = Release|Win32
		{FB5B1C43-4669-4E73-A29B-F9302155C6D5}.Release|Win32.Build.0 = Release|Win32
		{FB5B1C43-4669-4E73-A29B-F9302155C6D5}.MinSizeRel|Win32.ActiveCfg = MinSizeRel|Win32
		{FB5B1C43-4669-4E73-A29B-F9302155C6D5}.MinSizeRel|Win32.Build.0 = MinSizeRel|Win32
		{FB5B1C43-4669-4E73-A29B-F9302155C6D5}.RelWithDebInfo|Win32.ActiveCfg = RelWithDebInfo|Win32
		{FB5B1C43-4669-4E73-A29B-F9302155C6D5}.RelWithDebInfo|Win32.Build.0 = RelWithDebInfo|Win32
		{0EC87F62-E48A-4198-AB8A-0D56242E43CF}.Debug|Win32.ActiveCfg = Debug|Win32
		{0EC87F62-E48A-4198-AB8A-0D56242E43CF}.Debug|Win32.Build.0 = Debug|Win32
		{0EC87F62-E48A-4198-AB8A-0D56242E43CF}.Release|Win32.ActiveCfg = Release|Win32
		{0EC87F62-E48A-4198-AB8A-0D56242E43CF}.Release|Win32.Build.0 = Release|Win32
		{0EC87F62-E48A-4198-AB8A-0D56242E43CF}.MinSizeRel|Win32.ActiveCfg = MinSizeRel|Win32
		{0EC87F62-E48A-4198-AB8A-0D56242E43CF}.MinSizeRel|Win32.Build.0 = MinSizeRel|Win32
		{0EC87F62-E48A-4198-AB8A-0D56242E43CF}.RelWithDebInfo|Win32.ActiveCfg = RelWithDebInfo|Win32
		{0EC87F62-E48A-4198-AB8A-0D56242E43CF}.RelWithDebInfo|Win32.Build.0 = RelWithDebInfo|Win32
	EndGlobalSection
	GlobalSection(NestedProjects) = preSolution
		{A3ADD506-DB84-4E0D-92EF-D1BB10003C19} = {18E5B904-3E67-4E89-81A3-A784057E2749}
		{1973A19C-CE85-4BF7-8310-669D4BC4968A} = {18E5B904-3E67-4E89-81A3-A784057E2749}
		{FA7331E6-4D0E-4067-A51E-C1C4AB6F31D8} = {821D1598-2769-4C1F-951C-A595E4213B84}
		{6171FFDC-004F-4B0A-8EB6-7A27ACBA3417} = {821D1598-2769-4C1F-951C-A595E4213B84}
		{40269B0A-45CE-453E-B6D7-4B8E1C9399CC} = {821D1598-2769-4C1F-951C-A595E4213B84}
		{AB46E378-76A7-4E59-A485-8903387B67D6} = {821D1598-2769-4C1F-951C-A595E4213B84}
		{FB5B1C43-4669-4E73-A29B-F9302155C6D5} = {821D1598-2769-4C1F-951C-A595E4213B84}
		{0EC87F62-E48A-4198-AB8A-0D56242E43CF} = {821D1598-2769-4C1F-951C-A595E4213B84}
	EndGlobalSection
	GlobalSection(ExtensibilityGlobals) = postSolution
	EndGlobalSection
	GlobalSection(ExtensibilityAddIns) = postSolution
	EndGlobalSection
EndGlobal
