Microsoft Visual Studio Solution File, Format Version 12.00
# Visual Studio 2013
Project("{8BC9CEB8-8B4A-11D0-8D11-00A0C91BC942}") = "ALL_BUILD", "ALL_BUILD.vcxproj", "{EABAB7F5-A811-4F79-A978-39BC20FB04A4}"
	ProjectSection(ProjectDependencies) = postProject
		{28F38050-0C4B-4876-9F74-83339DC2B37D} = {28F38050-0C4B-4876-9F74-83339DC2B37D}
		{7DB2C855-BB11-48BA-81CE-F72A90C46F47} = {7DB2C855-BB11-48BA-81CE-F72A90C46F47}
		{0AA6E235-4E71-47A7-8D56-A67B6DA16F24} = {0AA6E235-4E71-47A7-8D56-A67B6DA16F24}
		{39D0369B-15C7-4572-A623-D6B55F8AC0B1} = {39D0369B-15C7-4572-A623-D6B55F8AC0B1}
		{B1324258-535D-46EC-802A-BD53AC343AF1} = {B1324258-535D-46EC-802A-BD53AC343AF1}
		{DC7AA30A-968E-405A-9DB6-8335273F6050} = {DC7AA30A-968E-405A-9DB6-8335273F6050}
	EndProjectSection
EndProject
Project("{8BC9CEB8-8B4A-11D0-8D11-00A0C91BC942}") = "Engine", "projects\Engine\Engine.vcxproj", "{28F38050-0C4B-4876-9F74-83339DC2B37D}"
	ProjectSection(ProjectDependencies) = postProject
		{DC7AA30A-968E-405A-9DB6-8335273F6050} = {DC7AA30A-968E-405A-9DB6-8335273F6050}
	EndProjectSection
EndProject
Project("{8BC9CEB8-8B4A-11D0-8D11-00A0C91BC942}") = "HelloWorld", "projects\HelloWorld\HelloWorld.vcxproj", "{7DB2C855-BB11-48BA-81CE-F72A90C46F47}"
	ProjectSection(ProjectDependencies) = postProject
		{DC7AA30A-968E-405A-9DB6-8335273F6050} = {DC7AA30A-968E-405A-9DB6-8335273F6050}
	EndProjectSection
EndProject
Project("{8BC9CEB8-8B4A-11D0-8D11-00A0C91BC942}") = "INSTALL", "INSTALL.vcxproj", "{DBFAA35D-D66E-455B-A66C-CDBE330B1E7F}"
	ProjectSection(ProjectDependencies) = postProject
		{EABAB7F5-A811-4F79-A978-39BC20FB04A4} = {EABAB7F5-A811-4F79-A978-39BC20FB04A4}
	EndProjectSection
EndProject
Project("{8BC9CEB8-8B4A-11D0-8D11-00A0C91BC942}") = "ModelLoading", "projects\ModelLoading\ModelLoading.vcxproj", "{0AA6E235-4E71-47A7-8D56-A67B6DA16F24}"
	ProjectSection(ProjectDependencies) = postProject
		{DC7AA30A-968E-405A-9DB6-8335273F6050} = {DC7AA30A-968E-405A-9DB6-8335273F6050}
	EndProjectSection
EndProject
Project("{8BC9CEB8-8B4A-11D0-8D11-00A0C91BC942}") = "OGLdev_3", "projects\OGLdev_3\OGLdev_3.vcxproj", "{39D0369B-15C7-4572-A623-D6B55F8AC0B1}"
	ProjectSection(ProjectDependencies) = postProject
		{DC7AA30A-968E-405A-9DB6-8335273F6050} = {DC7AA30A-968E-405A-9DB6-8335273F6050}
	EndProjectSection
EndProject
Project("{8BC9CEB8-8B4A-11D0-8D11-00A0C91BC942}") = "PACKAGE", "PACKAGE.vcxproj", "{994D1E65-C90B-4C00-8642-34094051D0AA}"
	ProjectSection(ProjectDependencies) = postProject
		{EABAB7F5-A811-4F79-A978-39BC20FB04A4} = {EABAB7F5-A811-4F79-A978-39BC20FB04A4}
	EndProjectSection
EndProject
Project("{8BC9CEB8-8B4A-11D0-8D11-00A0C91BC942}") = "PlaneProject", "PlaneProject.vcxproj", "{B1324258-535D-46EC-802A-BD53AC343AF1}"
	ProjectSection(ProjectDependencies) = postProject
		{DC7AA30A-968E-405A-9DB6-8335273F6050} = {DC7AA30A-968E-405A-9DB6-8335273F6050}
	EndProjectSection
EndProject
Project("{8BC9CEB8-8B4A-11D0-8D11-00A0C91BC942}") = "ZERO_CHECK", "ZERO_CHECK.vcxproj", "{DC7AA30A-968E-405A-9DB6-8335273F6050}"
	ProjectSection(ProjectDependencies) = postProject
	EndProjectSection
EndProject
Global
	GlobalSection(SolutionConfigurationPlatforms) = preSolution
		Debug|Win32 = Debug|Win32
		Release|Win32 = Release|Win32
		MinSizeRel|Win32 = MinSizeRel|Win32
		RelWithDebInfo|Win32 = RelWithDebInfo|Win32
	EndGlobalSection
	GlobalSection(ProjectConfigurationPlatforms) = postSolution
		{EABAB7F5-A811-4F79-A978-39BC20FB04A4}.Debug|Win32.ActiveCfg = Debug|Win32
		{EABAB7F5-A811-4F79-A978-39BC20FB04A4}.Debug|Win32.Build.0 = Debug|Win32
		{EABAB7F5-A811-4F79-A978-39BC20FB04A4}.Release|Win32.ActiveCfg = Release|Win32
		{EABAB7F5-A811-4F79-A978-39BC20FB04A4}.Release|Win32.Build.0 = Release|Win32
		{EABAB7F5-A811-4F79-A978-39BC20FB04A4}.MinSizeRel|Win32.ActiveCfg = MinSizeRel|Win32
		{EABAB7F5-A811-4F79-A978-39BC20FB04A4}.MinSizeRel|Win32.Build.0 = MinSizeRel|Win32
		{EABAB7F5-A811-4F79-A978-39BC20FB04A4}.RelWithDebInfo|Win32.ActiveCfg = RelWithDebInfo|Win32
		{EABAB7F5-A811-4F79-A978-39BC20FB04A4}.RelWithDebInfo|Win32.Build.0 = RelWithDebInfo|Win32
		{28F38050-0C4B-4876-9F74-83339DC2B37D}.Debug|Win32.ActiveCfg = Debug|Win32
		{28F38050-0C4B-4876-9F74-83339DC2B37D}.Debug|Win32.Build.0 = Debug|Win32
		{28F38050-0C4B-4876-9F74-83339DC2B37D}.Release|Win32.ActiveCfg = Release|Win32
		{28F38050-0C4B-4876-9F74-83339DC2B37D}.Release|Win32.Build.0 = Release|Win32
		{28F38050-0C4B-4876-9F74-83339DC2B37D}.MinSizeRel|Win32.ActiveCfg = MinSizeRel|Win32
		{28F38050-0C4B-4876-9F74-83339DC2B37D}.MinSizeRel|Win32.Build.0 = MinSizeRel|Win32
		{28F38050-0C4B-4876-9F74-83339DC2B37D}.RelWithDebInfo|Win32.ActiveCfg = RelWithDebInfo|Win32
		{28F38050-0C4B-4876-9F74-83339DC2B37D}.RelWithDebInfo|Win32.Build.0 = RelWithDebInfo|Win32
		{7DB2C855-BB11-48BA-81CE-F72A90C46F47}.Debug|Win32.ActiveCfg = Debug|Win32
		{7DB2C855-BB11-48BA-81CE-F72A90C46F47}.Debug|Win32.Build.0 = Debug|Win32
		{7DB2C855-BB11-48BA-81CE-F72A90C46F47}.Release|Win32.ActiveCfg = Release|Win32
		{7DB2C855-BB11-48BA-81CE-F72A90C46F47}.Release|Win32.Build.0 = Release|Win32
		{7DB2C855-BB11-48BA-81CE-F72A90C46F47}.MinSizeRel|Win32.ActiveCfg = MinSizeRel|Win32
		{7DB2C855-BB11-48BA-81CE-F72A90C46F47}.MinSizeRel|Win32.Build.0 = MinSizeRel|Win32
		{7DB2C855-BB11-48BA-81CE-F72A90C46F47}.RelWithDebInfo|Win32.ActiveCfg = RelWithDebInfo|Win32
		{7DB2C855-BB11-48BA-81CE-F72A90C46F47}.RelWithDebInfo|Win32.Build.0 = RelWithDebInfo|Win32
		{DBFAA35D-D66E-455B-A66C-CDBE330B1E7F}.Debug|Win32.ActiveCfg = Debug|Win32
		{DBFAA35D-D66E-455B-A66C-CDBE330B1E7F}.Release|Win32.ActiveCfg = Release|Win32
		{DBFAA35D-D66E-455B-A66C-CDBE330B1E7F}.MinSizeRel|Win32.ActiveCfg = MinSizeRel|Win32
		{DBFAA35D-D66E-455B-A66C-CDBE330B1E7F}.RelWithDebInfo|Win32.ActiveCfg = RelWithDebInfo|Win32
		{0AA6E235-4E71-47A7-8D56-A67B6DA16F24}.Debug|Win32.ActiveCfg = Debug|Win32
		{0AA6E235-4E71-47A7-8D56-A67B6DA16F24}.Debug|Win32.Build.0 = Debug|Win32
		{0AA6E235-4E71-47A7-8D56-A67B6DA16F24}.Release|Win32.ActiveCfg = Release|Win32
		{0AA6E235-4E71-47A7-8D56-A67B6DA16F24}.Release|Win32.Build.0 = Release|Win32
		{0AA6E235-4E71-47A7-8D56-A67B6DA16F24}.MinSizeRel|Win32.ActiveCfg = MinSizeRel|Win32
		{0AA6E235-4E71-47A7-8D56-A67B6DA16F24}.MinSizeRel|Win32.Build.0 = MinSizeRel|Win32
		{0AA6E235-4E71-47A7-8D56-A67B6DA16F24}.RelWithDebInfo|Win32.ActiveCfg = RelWithDebInfo|Win32
		{0AA6E235-4E71-47A7-8D56-A67B6DA16F24}.RelWithDebInfo|Win32.Build.0 = RelWithDebInfo|Win32
		{39D0369B-15C7-4572-A623-D6B55F8AC0B1}.Debug|Win32.ActiveCfg = Debug|Win32
		{39D0369B-15C7-4572-A623-D6B55F8AC0B1}.Debug|Win32.Build.0 = Debug|Win32
		{39D0369B-15C7-4572-A623-D6B55F8AC0B1}.Release|Win32.ActiveCfg = Release|Win32
		{39D0369B-15C7-4572-A623-D6B55F8AC0B1}.Release|Win32.Build.0 = Release|Win32
		{39D0369B-15C7-4572-A623-D6B55F8AC0B1}.MinSizeRel|Win32.ActiveCfg = MinSizeRel|Win32
		{39D0369B-15C7-4572-A623-D6B55F8AC0B1}.MinSizeRel|Win32.Build.0 = MinSizeRel|Win32
		{39D0369B-15C7-4572-A623-D6B55F8AC0B1}.RelWithDebInfo|Win32.ActiveCfg = RelWithDebInfo|Win32
		{39D0369B-15C7-4572-A623-D6B55F8AC0B1}.RelWithDebInfo|Win32.Build.0 = RelWithDebInfo|Win32
		{994D1E65-C90B-4C00-8642-34094051D0AA}.Debug|Win32.ActiveCfg = Debug|Win32
		{994D1E65-C90B-4C00-8642-34094051D0AA}.Release|Win32.ActiveCfg = Release|Win32
		{994D1E65-C90B-4C00-8642-34094051D0AA}.MinSizeRel|Win32.ActiveCfg = MinSizeRel|Win32
		{994D1E65-C90B-4C00-8642-34094051D0AA}.RelWithDebInfo|Win32.ActiveCfg = RelWithDebInfo|Win32
		{B1324258-535D-46EC-802A-BD53AC343AF1}.Debug|Win32.ActiveCfg = Debug|Win32
		{B1324258-535D-46EC-802A-BD53AC343AF1}.Debug|Win32.Build.0 = Debug|Win32
		{B1324258-535D-46EC-802A-BD53AC343AF1}.Release|Win32.ActiveCfg = Release|Win32
		{B1324258-535D-46EC-802A-BD53AC343AF1}.Release|Win32.Build.0 = Release|Win32
		{B1324258-535D-46EC-802A-BD53AC343AF1}.MinSizeRel|Win32.ActiveCfg = MinSizeRel|Win32
		{B1324258-535D-46EC-802A-BD53AC343AF1}.MinSizeRel|Win32.Build.0 = MinSizeRel|Win32
		{B1324258-535D-46EC-802A-BD53AC343AF1}.RelWithDebInfo|Win32.ActiveCfg = RelWithDebInfo|Win32
		{B1324258-535D-46EC-802A-BD53AC343AF1}.RelWithDebInfo|Win32.Build.0 = RelWithDebInfo|Win32
		{DC7AA30A-968E-405A-9DB6-8335273F6050}.Debug|Win32.ActiveCfg = Debug|Win32
		{DC7AA30A-968E-405A-9DB6-8335273F6050}.Debug|Win32.Build.0 = Debug|Win32
		{DC7AA30A-968E-405A-9DB6-8335273F6050}.Release|Win32.ActiveCfg = Release|Win32
		{DC7AA30A-968E-405A-9DB6-8335273F6050}.Release|Win32.Build.0 = Release|Win32
		{DC7AA30A-968E-405A-9DB6-8335273F6050}.MinSizeRel|Win32.ActiveCfg = MinSizeRel|Win32
		{DC7AA30A-968E-405A-9DB6-8335273F6050}.MinSizeRel|Win32.Build.0 = MinSizeRel|Win32
		{DC7AA30A-968E-405A-9DB6-8335273F6050}.RelWithDebInfo|Win32.ActiveCfg = RelWithDebInfo|Win32
		{DC7AA30A-968E-405A-9DB6-8335273F6050}.RelWithDebInfo|Win32.Build.0 = RelWithDebInfo|Win32
	EndGlobalSection
	GlobalSection(ExtensibilityGlobals) = postSolution
	EndGlobalSection
	GlobalSection(ExtensibilityAddIns) = postSolution
	EndGlobalSection
EndGlobal
