Microsoft Visual Studio Solution File, Format Version 12.00
# Visual Studio 2013
Project("{8BC9CEB8-8B4A-11D0-8D11-00A0C91BC942}") = "ALL_BUILD", "ALL_BUILD.vcxproj", "{7CC68E88-720D-41F4-8973-02843A85243E}"
	ProjectSection(ProjectDependencies) = postProject
		{8146F1F4-65B4-4AA4-9131-3DBC8E31A1F8} = {8146F1F4-65B4-4AA4-9131-3DBC8E31A1F8}
		{5395D439-2CD9-413F-A053-53C067E1894F} = {5395D439-2CD9-413F-A053-53C067E1894F}
		{11EB9059-8992-4F5C-9CA1-C4B9A5995897} = {11EB9059-8992-4F5C-9CA1-C4B9A5995897}
		{EB6C9CB0-2D7E-4AA2-9F7B-9D970127C908} = {EB6C9CB0-2D7E-4AA2-9F7B-9D970127C908}
		{57D3F1E4-8C69-4584-8EE3-E5A4F7DD705D} = {57D3F1E4-8C69-4584-8EE3-E5A4F7DD705D}
		{137A5B9F-3965-4744-9C9C-AA23559566E3} = {137A5B9F-3965-4744-9C9C-AA23559566E3}
	EndProjectSection
EndProject
Project("{8BC9CEB8-8B4A-11D0-8D11-00A0C91BC942}") = "Engine", "projects\Engine\Engine.vcxproj", "{8146F1F4-65B4-4AA4-9131-3DBC8E31A1F8}"
	ProjectSection(ProjectDependencies) = postProject
		{137A5B9F-3965-4744-9C9C-AA23559566E3} = {137A5B9F-3965-4744-9C9C-AA23559566E3}
	EndProjectSection
EndProject
Project("{8BC9CEB8-8B4A-11D0-8D11-00A0C91BC942}") = "HelloWorld", "projects\HelloWorld\HelloWorld.vcxproj", "{5395D439-2CD9-413F-A053-53C067E1894F}"
	ProjectSection(ProjectDependencies) = postProject
		{137A5B9F-3965-4744-9C9C-AA23559566E3} = {137A5B9F-3965-4744-9C9C-AA23559566E3}
	EndProjectSection
EndProject
Project("{8BC9CEB8-8B4A-11D0-8D11-00A0C91BC942}") = "INSTALL", "INSTALL.vcxproj", "{EA55DD37-149D-467C-87A7-2B0FBEBA3D1F}"
	ProjectSection(ProjectDependencies) = postProject
		{7CC68E88-720D-41F4-8973-02843A85243E} = {7CC68E88-720D-41F4-8973-02843A85243E}
	EndProjectSection
EndProject
Project("{8BC9CEB8-8B4A-11D0-8D11-00A0C91BC942}") = "ModelLoading", "projects\ModelLoading\ModelLoading.vcxproj", "{11EB9059-8992-4F5C-9CA1-C4B9A5995897}"
	ProjectSection(ProjectDependencies) = postProject
		{137A5B9F-3965-4744-9C9C-AA23559566E3} = {137A5B9F-3965-4744-9C9C-AA23559566E3}
	EndProjectSection
EndProject
Project("{8BC9CEB8-8B4A-11D0-8D11-00A0C91BC942}") = "OGLdev_3", "projects\OGLdev_3\OGLdev_3.vcxproj", "{EB6C9CB0-2D7E-4AA2-9F7B-9D970127C908}"
	ProjectSection(ProjectDependencies) = postProject
		{137A5B9F-3965-4744-9C9C-AA23559566E3} = {137A5B9F-3965-4744-9C9C-AA23559566E3}
	EndProjectSection
EndProject
Project("{8BC9CEB8-8B4A-11D0-8D11-00A0C91BC942}") = "PACKAGE", "PACKAGE.vcxproj", "{3F3D1D28-F7EC-4916-889E-6678E6E4726B}"
	ProjectSection(ProjectDependencies) = postProject
		{7CC68E88-720D-41F4-8973-02843A85243E} = {7CC68E88-720D-41F4-8973-02843A85243E}
	EndProjectSection
EndProject
Project("{8BC9CEB8-8B4A-11D0-8D11-00A0C91BC942}") = "PlaneProject", "PlaneProject.vcxproj", "{57D3F1E4-8C69-4584-8EE3-E5A4F7DD705D}"
	ProjectSection(ProjectDependencies) = postProject
		{137A5B9F-3965-4744-9C9C-AA23559566E3} = {137A5B9F-3965-4744-9C9C-AA23559566E3}
	EndProjectSection
EndProject
Project("{8BC9CEB8-8B4A-11D0-8D11-00A0C91BC942}") = "ZERO_CHECK", "ZERO_CHECK.vcxproj", "{137A5B9F-3965-4744-9C9C-AA23559566E3}"
	ProjectSection(ProjectDependencies) = postProject
	EndProjectSection
EndProject
Global
	GlobalSection(SolutionConfigurationPlatforms) = preSolution
		Debug|Win32 = Debug|Win32
		Release|Win32 = Release|Win32
		MinSizeRel|Win32 = MinSizeRel|Win32
		RelWithDebInfo|Win32 = RelWithDebInfo|Win32
	EndGlobalSection
	GlobalSection(ProjectConfigurationPlatforms) = postSolution
		{7CC68E88-720D-41F4-8973-02843A85243E}.Debug|Win32.ActiveCfg = Debug|Win32
		{7CC68E88-720D-41F4-8973-02843A85243E}.Debug|Win32.Build.0 = Debug|Win32
		{7CC68E88-720D-41F4-8973-02843A85243E}.Release|Win32.ActiveCfg = Release|Win32
		{7CC68E88-720D-41F4-8973-02843A85243E}.Release|Win32.Build.0 = Release|Win32
		{7CC68E88-720D-41F4-8973-02843A85243E}.MinSizeRel|Win32.ActiveCfg = MinSizeRel|Win32
		{7CC68E88-720D-41F4-8973-02843A85243E}.MinSizeRel|Win32.Build.0 = MinSizeRel|Win32
		{7CC68E88-720D-41F4-8973-02843A85243E}.RelWithDebInfo|Win32.ActiveCfg = RelWithDebInfo|Win32
		{7CC68E88-720D-41F4-8973-02843A85243E}.RelWithDebInfo|Win32.Build.0 = RelWithDebInfo|Win32
		{8146F1F4-65B4-4AA4-9131-3DBC8E31A1F8}.Debug|Win32.ActiveCfg = Debug|Win32
		{8146F1F4-65B4-4AA4-9131-3DBC8E31A1F8}.Debug|Win32.Build.0 = Debug|Win32
		{8146F1F4-65B4-4AA4-9131-3DBC8E31A1F8}.Release|Win32.ActiveCfg = Release|Win32
		{8146F1F4-65B4-4AA4-9131-3DBC8E31A1F8}.Release|Win32.Build.0 = Release|Win32
		{8146F1F4-65B4-4AA4-9131-3DBC8E31A1F8}.MinSizeRel|Win32.ActiveCfg = MinSizeRel|Win32
		{8146F1F4-65B4-4AA4-9131-3DBC8E31A1F8}.MinSizeRel|Win32.Build.0 = MinSizeRel|Win32
		{8146F1F4-65B4-4AA4-9131-3DBC8E31A1F8}.RelWithDebInfo|Win32.ActiveCfg = RelWithDebInfo|Win32
		{8146F1F4-65B4-4AA4-9131-3DBC8E31A1F8}.RelWithDebInfo|Win32.Build.0 = RelWithDebInfo|Win32
		{5395D439-2CD9-413F-A053-53C067E1894F}.Debug|Win32.ActiveCfg = Debug|Win32
		{5395D439-2CD9-413F-A053-53C067E1894F}.Debug|Win32.Build.0 = Debug|Win32
		{5395D439-2CD9-413F-A053-53C067E1894F}.Release|Win32.ActiveCfg = Release|Win32
		{5395D439-2CD9-413F-A053-53C067E1894F}.Release|Win32.Build.0 = Release|Win32
		{5395D439-2CD9-413F-A053-53C067E1894F}.MinSizeRel|Win32.ActiveCfg = MinSizeRel|Win32
		{5395D439-2CD9-413F-A053-53C067E1894F}.MinSizeRel|Win32.Build.0 = MinSizeRel|Win32
		{5395D439-2CD9-413F-A053-53C067E1894F}.RelWithDebInfo|Win32.ActiveCfg = RelWithDebInfo|Win32
		{5395D439-2CD9-413F-A053-53C067E1894F}.RelWithDebInfo|Win32.Build.0 = RelWithDebInfo|Win32
		{EA55DD37-149D-467C-87A7-2B0FBEBA3D1F}.Debug|Win32.ActiveCfg = Debug|Win32
		{EA55DD37-149D-467C-87A7-2B0FBEBA3D1F}.Release|Win32.ActiveCfg = Release|Win32
		{EA55DD37-149D-467C-87A7-2B0FBEBA3D1F}.MinSizeRel|Win32.ActiveCfg = MinSizeRel|Win32
		{EA55DD37-149D-467C-87A7-2B0FBEBA3D1F}.RelWithDebInfo|Win32.ActiveCfg = RelWithDebInfo|Win32
		{11EB9059-8992-4F5C-9CA1-C4B9A5995897}.Debug|Win32.ActiveCfg = Debug|Win32
		{11EB9059-8992-4F5C-9CA1-C4B9A5995897}.Debug|Win32.Build.0 = Debug|Win32
		{11EB9059-8992-4F5C-9CA1-C4B9A5995897}.Release|Win32.ActiveCfg = Release|Win32
		{11EB9059-8992-4F5C-9CA1-C4B9A5995897}.Release|Win32.Build.0 = Release|Win32
		{11EB9059-8992-4F5C-9CA1-C4B9A5995897}.MinSizeRel|Win32.ActiveCfg = MinSizeRel|Win32
		{11EB9059-8992-4F5C-9CA1-C4B9A5995897}.MinSizeRel|Win32.Build.0 = MinSizeRel|Win32
		{11EB9059-8992-4F5C-9CA1-C4B9A5995897}.RelWithDebInfo|Win32.ActiveCfg = RelWithDebInfo|Win32
		{11EB9059-8992-4F5C-9CA1-C4B9A5995897}.RelWithDebInfo|Win32.Build.0 = RelWithDebInfo|Win32
		{EB6C9CB0-2D7E-4AA2-9F7B-9D970127C908}.Debug|Win32.ActiveCfg = Debug|Win32
		{EB6C9CB0-2D7E-4AA2-9F7B-9D970127C908}.Debug|Win32.Build.0 = Debug|Win32
		{EB6C9CB0-2D7E-4AA2-9F7B-9D970127C908}.Release|Win32.ActiveCfg = Release|Win32
		{EB6C9CB0-2D7E-4AA2-9F7B-9D970127C908}.Release|Win32.Build.0 = Release|Win32
		{EB6C9CB0-2D7E-4AA2-9F7B-9D970127C908}.MinSizeRel|Win32.ActiveCfg = MinSizeRel|Win32
		{EB6C9CB0-2D7E-4AA2-9F7B-9D970127C908}.MinSizeRel|Win32.Build.0 = MinSizeRel|Win32
		{EB6C9CB0-2D7E-4AA2-9F7B-9D970127C908}.RelWithDebInfo|Win32.ActiveCfg = RelWithDebInfo|Win32
		{EB6C9CB0-2D7E-4AA2-9F7B-9D970127C908}.RelWithDebInfo|Win32.Build.0 = RelWithDebInfo|Win32
		{3F3D1D28-F7EC-4916-889E-6678E6E4726B}.Debug|Win32.ActiveCfg = Debug|Win32
		{3F3D1D28-F7EC-4916-889E-6678E6E4726B}.Release|Win32.ActiveCfg = Release|Win32
		{3F3D1D28-F7EC-4916-889E-6678E6E4726B}.MinSizeRel|Win32.ActiveCfg = MinSizeRel|Win32
		{3F3D1D28-F7EC-4916-889E-6678E6E4726B}.RelWithDebInfo|Win32.ActiveCfg = RelWithDebInfo|Win32
		{57D3F1E4-8C69-4584-8EE3-E5A4F7DD705D}.Debug|Win32.ActiveCfg = Debug|Win32
		{57D3F1E4-8C69-4584-8EE3-E5A4F7DD705D}.Debug|Win32.Build.0 = Debug|Win32
		{57D3F1E4-8C69-4584-8EE3-E5A4F7DD705D}.Release|Win32.ActiveCfg = Release|Win32
		{57D3F1E4-8C69-4584-8EE3-E5A4F7DD705D}.Release|Win32.Build.0 = Release|Win32
		{57D3F1E4-8C69-4584-8EE3-E5A4F7DD705D}.MinSizeRel|Win32.ActiveCfg = MinSizeRel|Win32
		{57D3F1E4-8C69-4584-8EE3-E5A4F7DD705D}.MinSizeRel|Win32.Build.0 = MinSizeRel|Win32
		{57D3F1E4-8C69-4584-8EE3-E5A4F7DD705D}.RelWithDebInfo|Win32.ActiveCfg = RelWithDebInfo|Win32
		{57D3F1E4-8C69-4584-8EE3-E5A4F7DD705D}.RelWithDebInfo|Win32.Build.0 = RelWithDebInfo|Win32
		{137A5B9F-3965-4744-9C9C-AA23559566E3}.Debug|Win32.ActiveCfg = Debug|Win32
		{137A5B9F-3965-4744-9C9C-AA23559566E3}.Debug|Win32.Build.0 = Debug|Win32
		{137A5B9F-3965-4744-9C9C-AA23559566E3}.Release|Win32.ActiveCfg = Release|Win32
		{137A5B9F-3965-4744-9C9C-AA23559566E3}.Release|Win32.Build.0 = Release|Win32
		{137A5B9F-3965-4744-9C9C-AA23559566E3}.MinSizeRel|Win32.ActiveCfg = MinSizeRel|Win32
		{137A5B9F-3965-4744-9C9C-AA23559566E3}.MinSizeRel|Win32.Build.0 = MinSizeRel|Win32
		{137A5B9F-3965-4744-9C9C-AA23559566E3}.RelWithDebInfo|Win32.ActiveCfg = RelWithDebInfo|Win32
		{137A5B9F-3965-4744-9C9C-AA23559566E3}.RelWithDebInfo|Win32.Build.0 = RelWithDebInfo|Win32
	EndGlobalSection
	GlobalSection(ExtensibilityGlobals) = postSolution
	EndGlobalSection
	GlobalSection(ExtensibilityAddIns) = postSolution
	EndGlobalSection
EndGlobal
