Microsoft Visual Studio Solution File, Format Version 12.00
# Visual Studio 2013
Project("{8BC9CEB8-8B4A-11D0-8D11-00A0C91BC942}") = "ALL_BUILD", "ALL_BUILD.vcxproj", "{50B0A15B-4AC1-4D7A-94B5-33C20C0DDD66}"
	ProjectSection(ProjectDependencies) = postProject
		{5F48CF34-C01D-4B96-B691-E24D335BFE44} = {5F48CF34-C01D-4B96-B691-E24D335BFE44}
		{A0688F19-2D50-4FE4-9BAF-C9EDAB9EF187} = {A0688F19-2D50-4FE4-9BAF-C9EDAB9EF187}
		{C9C561F7-FAC5-4A65-89CD-AB3D294C599A} = {C9C561F7-FAC5-4A65-89CD-AB3D294C599A}
		{19207CDB-1E79-4D1E-AE74-6119522F539F} = {19207CDB-1E79-4D1E-AE74-6119522F539F}
		{997CF949-DE64-45D7-814A-0B4DF356D8B8} = {997CF949-DE64-45D7-814A-0B4DF356D8B8}
		{12329108-E575-4265-B494-F736545974E4} = {12329108-E575-4265-B494-F736545974E4}
	EndProjectSection
EndProject
Project("{8BC9CEB8-8B4A-11D0-8D11-00A0C91BC942}") = "Engine", "projects\Engine\Engine.vcxproj", "{5F48CF34-C01D-4B96-B691-E24D335BFE44}"
	ProjectSection(ProjectDependencies) = postProject
		{12329108-E575-4265-B494-F736545974E4} = {12329108-E575-4265-B494-F736545974E4}
	EndProjectSection
EndProject
Project("{8BC9CEB8-8B4A-11D0-8D11-00A0C91BC942}") = "HelloWorld", "projects\HelloWorld\HelloWorld.vcxproj", "{A0688F19-2D50-4FE4-9BAF-C9EDAB9EF187}"
	ProjectSection(ProjectDependencies) = postProject
		{12329108-E575-4265-B494-F736545974E4} = {12329108-E575-4265-B494-F736545974E4}
	EndProjectSection
EndProject
Project("{8BC9CEB8-8B4A-11D0-8D11-00A0C91BC942}") = "INSTALL", "INSTALL.vcxproj", "{C04A6029-2A90-470D-B2FA-7258D1A9421C}"
	ProjectSection(ProjectDependencies) = postProject
		{50B0A15B-4AC1-4D7A-94B5-33C20C0DDD66} = {50B0A15B-4AC1-4D7A-94B5-33C20C0DDD66}
	EndProjectSection
EndProject
Project("{8BC9CEB8-8B4A-11D0-8D11-00A0C91BC942}") = "ModelLoading", "projects\ModelLoading\ModelLoading.vcxproj", "{C9C561F7-FAC5-4A65-89CD-AB3D294C599A}"
	ProjectSection(ProjectDependencies) = postProject
		{12329108-E575-4265-B494-F736545974E4} = {12329108-E575-4265-B494-F736545974E4}
	EndProjectSection
EndProject
Project("{8BC9CEB8-8B4A-11D0-8D11-00A0C91BC942}") = "OGLdev_3", "projects\OGLdev_3\OGLdev_3.vcxproj", "{19207CDB-1E79-4D1E-AE74-6119522F539F}"
	ProjectSection(ProjectDependencies) = postProject
		{12329108-E575-4265-B494-F736545974E4} = {12329108-E575-4265-B494-F736545974E4}
	EndProjectSection
EndProject
Project("{8BC9CEB8-8B4A-11D0-8D11-00A0C91BC942}") = "PACKAGE", "PACKAGE.vcxproj", "{2B6FEAD1-4DCE-49ED-9993-C3135109190A}"
	ProjectSection(ProjectDependencies) = postProject
		{50B0A15B-4AC1-4D7A-94B5-33C20C0DDD66} = {50B0A15B-4AC1-4D7A-94B5-33C20C0DDD66}
	EndProjectSection
EndProject
Project("{8BC9CEB8-8B4A-11D0-8D11-00A0C91BC942}") = "PlaneProject", "PlaneProject.vcxproj", "{997CF949-DE64-45D7-814A-0B4DF356D8B8}"
	ProjectSection(ProjectDependencies) = postProject
		{12329108-E575-4265-B494-F736545974E4} = {12329108-E575-4265-B494-F736545974E4}
	EndProjectSection
EndProject
Project("{8BC9CEB8-8B4A-11D0-8D11-00A0C91BC942}") = "ZERO_CHECK", "ZERO_CHECK.vcxproj", "{12329108-E575-4265-B494-F736545974E4}"
	ProjectSection(ProjectDependencies) = postProject
	EndProjectSection
EndProject
Global
	GlobalSection(SolutionConfigurationPlatforms) = preSolution
		Debug|Win32 = Debug|Win32
		Release|Win32 = Release|Win32
		MinSizeRel|Win32 = MinSizeRel|Win32
		RelWithDebInfo|Win32 = RelWithDebInfo|Win32
	EndGlobalSection
	GlobalSection(ProjectConfigurationPlatforms) = postSolution
		{50B0A15B-4AC1-4D7A-94B5-33C20C0DDD66}.Debug|Win32.ActiveCfg = Debug|Win32
		{50B0A15B-4AC1-4D7A-94B5-33C20C0DDD66}.Debug|Win32.Build.0 = Debug|Win32
		{50B0A15B-4AC1-4D7A-94B5-33C20C0DDD66}.Release|Win32.ActiveCfg = Release|Win32
		{50B0A15B-4AC1-4D7A-94B5-33C20C0DDD66}.Release|Win32.Build.0 = Release|Win32
		{50B0A15B-4AC1-4D7A-94B5-33C20C0DDD66}.MinSizeRel|Win32.ActiveCfg = MinSizeRel|Win32
		{50B0A15B-4AC1-4D7A-94B5-33C20C0DDD66}.MinSizeRel|Win32.Build.0 = MinSizeRel|Win32
		{50B0A15B-4AC1-4D7A-94B5-33C20C0DDD66}.RelWithDebInfo|Win32.ActiveCfg = RelWithDebInfo|Win32
		{50B0A15B-4AC1-4D7A-94B5-33C20C0DDD66}.RelWithDebInfo|Win32.Build.0 = RelWithDebInfo|Win32
		{5F48CF34-C01D-4B96-B691-E24D335BFE44}.Debug|Win32.ActiveCfg = Debug|Win32
		{5F48CF34-C01D-4B96-B691-E24D335BFE44}.Debug|Win32.Build.0 = Debug|Win32
		{5F48CF34-C01D-4B96-B691-E24D335BFE44}.Release|Win32.ActiveCfg = Release|Win32
		{5F48CF34-C01D-4B96-B691-E24D335BFE44}.Release|Win32.Build.0 = Release|Win32
		{5F48CF34-C01D-4B96-B691-E24D335BFE44}.MinSizeRel|Win32.ActiveCfg = MinSizeRel|Win32
		{5F48CF34-C01D-4B96-B691-E24D335BFE44}.MinSizeRel|Win32.Build.0 = MinSizeRel|Win32
		{5F48CF34-C01D-4B96-B691-E24D335BFE44}.RelWithDebInfo|Win32.ActiveCfg = RelWithDebInfo|Win32
		{5F48CF34-C01D-4B96-B691-E24D335BFE44}.RelWithDebInfo|Win32.Build.0 = RelWithDebInfo|Win32
		{A0688F19-2D50-4FE4-9BAF-C9EDAB9EF187}.Debug|Win32.ActiveCfg = Debug|Win32
		{A0688F19-2D50-4FE4-9BAF-C9EDAB9EF187}.Debug|Win32.Build.0 = Debug|Win32
		{A0688F19-2D50-4FE4-9BAF-C9EDAB9EF187}.Release|Win32.ActiveCfg = Release|Win32
		{A0688F19-2D50-4FE4-9BAF-C9EDAB9EF187}.Release|Win32.Build.0 = Release|Win32
		{A0688F19-2D50-4FE4-9BAF-C9EDAB9EF187}.MinSizeRel|Win32.ActiveCfg = MinSizeRel|Win32
		{A0688F19-2D50-4FE4-9BAF-C9EDAB9EF187}.MinSizeRel|Win32.Build.0 = MinSizeRel|Win32
		{A0688F19-2D50-4FE4-9BAF-C9EDAB9EF187}.RelWithDebInfo|Win32.ActiveCfg = RelWithDebInfo|Win32
		{A0688F19-2D50-4FE4-9BAF-C9EDAB9EF187}.RelWithDebInfo|Win32.Build.0 = RelWithDebInfo|Win32
		{C04A6029-2A90-470D-B2FA-7258D1A9421C}.Debug|Win32.ActiveCfg = Debug|Win32
		{C04A6029-2A90-470D-B2FA-7258D1A9421C}.Release|Win32.ActiveCfg = Release|Win32
		{C04A6029-2A90-470D-B2FA-7258D1A9421C}.MinSizeRel|Win32.ActiveCfg = MinSizeRel|Win32
		{C04A6029-2A90-470D-B2FA-7258D1A9421C}.RelWithDebInfo|Win32.ActiveCfg = RelWithDebInfo|Win32
		{C9C561F7-FAC5-4A65-89CD-AB3D294C599A}.Debug|Win32.ActiveCfg = Debug|Win32
		{C9C561F7-FAC5-4A65-89CD-AB3D294C599A}.Debug|Win32.Build.0 = Debug|Win32
		{C9C561F7-FAC5-4A65-89CD-AB3D294C599A}.Release|Win32.ActiveCfg = Release|Win32
		{C9C561F7-FAC5-4A65-89CD-AB3D294C599A}.Release|Win32.Build.0 = Release|Win32
		{C9C561F7-FAC5-4A65-89CD-AB3D294C599A}.MinSizeRel|Win32.ActiveCfg = MinSizeRel|Win32
		{C9C561F7-FAC5-4A65-89CD-AB3D294C599A}.MinSizeRel|Win32.Build.0 = MinSizeRel|Win32
		{C9C561F7-FAC5-4A65-89CD-AB3D294C599A}.RelWithDebInfo|Win32.ActiveCfg = RelWithDebInfo|Win32
		{C9C561F7-FAC5-4A65-89CD-AB3D294C599A}.RelWithDebInfo|Win32.Build.0 = RelWithDebInfo|Win32
		{19207CDB-1E79-4D1E-AE74-6119522F539F}.Debug|Win32.ActiveCfg = Debug|Win32
		{19207CDB-1E79-4D1E-AE74-6119522F539F}.Debug|Win32.Build.0 = Debug|Win32
		{19207CDB-1E79-4D1E-AE74-6119522F539F}.Release|Win32.ActiveCfg = Release|Win32
		{19207CDB-1E79-4D1E-AE74-6119522F539F}.Release|Win32.Build.0 = Release|Win32
		{19207CDB-1E79-4D1E-AE74-6119522F539F}.MinSizeRel|Win32.ActiveCfg = MinSizeRel|Win32
		{19207CDB-1E79-4D1E-AE74-6119522F539F}.MinSizeRel|Win32.Build.0 = MinSizeRel|Win32
		{19207CDB-1E79-4D1E-AE74-6119522F539F}.RelWithDebInfo|Win32.ActiveCfg = RelWithDebInfo|Win32
		{19207CDB-1E79-4D1E-AE74-6119522F539F}.RelWithDebInfo|Win32.Build.0 = RelWithDebInfo|Win32
		{2B6FEAD1-4DCE-49ED-9993-C3135109190A}.Debug|Win32.ActiveCfg = Debug|Win32
		{2B6FEAD1-4DCE-49ED-9993-C3135109190A}.Release|Win32.ActiveCfg = Release|Win32
		{2B6FEAD1-4DCE-49ED-9993-C3135109190A}.MinSizeRel|Win32.ActiveCfg = MinSizeRel|Win32
		{2B6FEAD1-4DCE-49ED-9993-C3135109190A}.RelWithDebInfo|Win32.ActiveCfg = RelWithDebInfo|Win32
		{997CF949-DE64-45D7-814A-0B4DF356D8B8}.Debug|Win32.ActiveCfg = Debug|Win32
		{997CF949-DE64-45D7-814A-0B4DF356D8B8}.Debug|Win32.Build.0 = Debug|Win32
		{997CF949-DE64-45D7-814A-0B4DF356D8B8}.Release|Win32.ActiveCfg = Release|Win32
		{997CF949-DE64-45D7-814A-0B4DF356D8B8}.Release|Win32.Build.0 = Release|Win32
		{997CF949-DE64-45D7-814A-0B4DF356D8B8}.MinSizeRel|Win32.ActiveCfg = MinSizeRel|Win32
		{997CF949-DE64-45D7-814A-0B4DF356D8B8}.MinSizeRel|Win32.Build.0 = MinSizeRel|Win32
		{997CF949-DE64-45D7-814A-0B4DF356D8B8}.RelWithDebInfo|Win32.ActiveCfg = RelWithDebInfo|Win32
		{997CF949-DE64-45D7-814A-0B4DF356D8B8}.RelWithDebInfo|Win32.Build.0 = RelWithDebInfo|Win32
		{12329108-E575-4265-B494-F736545974E4}.Debug|Win32.ActiveCfg = Debug|Win32
		{12329108-E575-4265-B494-F736545974E4}.Debug|Win32.Build.0 = Debug|Win32
		{12329108-E575-4265-B494-F736545974E4}.Release|Win32.ActiveCfg = Release|Win32
		{12329108-E575-4265-B494-F736545974E4}.Release|Win32.Build.0 = Release|Win32
		{12329108-E575-4265-B494-F736545974E4}.MinSizeRel|Win32.ActiveCfg = MinSizeRel|Win32
		{12329108-E575-4265-B494-F736545974E4}.MinSizeRel|Win32.Build.0 = MinSizeRel|Win32
		{12329108-E575-4265-B494-F736545974E4}.RelWithDebInfo|Win32.ActiveCfg = RelWithDebInfo|Win32
		{12329108-E575-4265-B494-F736545974E4}.RelWithDebInfo|Win32.Build.0 = RelWithDebInfo|Win32
	EndGlobalSection
	GlobalSection(ExtensibilityGlobals) = postSolution
	EndGlobalSection
	GlobalSection(ExtensibilityAddIns) = postSolution
	EndGlobalSection
EndGlobal
